
Microsoft Visual Studio Solution File, Format Version 12.00
# Visual Studio Version 17
VisualStudioVersion = 17.5.33530.505
MinimumVisualStudioVersion = 10.0.40219.1
Project("{FAE04EC0-301F-11D3-BF4B-00C04F79EFBC}") = "TareasenSegundoPlanoHostedServices.WebApp", "TareasenSegundoPlanoHostedServices.WebApp\TareasenSegundoPlanoHostedServices.WebApp.csproj", "{23D8A538-D453-4BC9-BCEB-C29D548B6251}"
EndProject
Global
	GlobalSection(SolutionConfigurationPlatforms) = preSolution
		Debug|Any CPU = Debug|Any CPU
		Release|Any CPU = Release|Any CPU
	EndGlobalSection
	GlobalSection(ProjectConfigurationPlatforms) = postSolution
		{23D8A538-D453-4BC9-BCEB-C29D548B6251}.Debug|Any CPU.ActiveCfg = Debug|Any CPU
		{23D8A538-D453-4BC9-BCEB-C29D548B6251}.Debug|Any CPU.Build.0 = Debug|Any CPU
		{23D8A538-D453-4BC9-BCEB-C29D548B6251}.Release|Any CPU.ActiveCfg = Release|Any CPU
		{23D8A538-D453-4BC9-BCEB-C29D548B6251}.Release|Any CPU.Build.0 = Release|Any CPU
	EndGlobalSection
	GlobalSection(SolutionProperties) = preSolution
		HideSolutionNode = FALSE
	EndGlobalSection
	GlobalSection(ExtensibilityGlobals) = postSolution
		SolutionGuid = {75BFAAFA-8F69-4A7F-9CEB-764C19758B4C}
	EndGlobalSection
EndGlobal
